
Microsoft Visual Studio Solution File, Format Version 12.00
Project("{FAE04EC0-301F-11D3-BF4B-00C04F79EFBC}") = "Chronos.MainApi", "src\Chronos.MainApi\Chronos.MainApi.csproj", "{8BDC82E9-FBDA-4F98-B8D1-6353B5CE5E6D}"
EndProject
Project("{FAE04EC0-301F-11D3-BF4B-00C04F79EFBC}") = "Chronos.Domain", "src\Chronos.Domain\Chronos.Domain.csproj", "{8BDD2C28-CA49-45D3-950E-D0458B026FF4}"
EndProject
Project("{FAE04EC0-301F-11D3-BF4B-00C04F79EFBC}") = "Chronos.Data", "src\Chronos.Data\Chronos.Data.csproj", "{5642CB10-035A-4016-A081-99B0C6B8690A}"
EndProject
Project("{FAE04EC0-301F-11D3-BF4B-00C04F79EFBC}") = "Chronos.Shared", "src\Chronos.Shared\Chronos.Shared.csproj", "{C05995D4-6C58-475B-B082-5FE96115DA36}"
EndProject
Project("{2150E333-8FDC-42A3-9474-1A3956D46DE8}") = "Chronos.Tests", "Chronos.Tests", "{DCD97785-8792-4C06-9682-6103328E4D7D}"
EndProject
Project("{FAE04EC0-301F-11D3-BF4B-00C04F79EFBC}") = "Chronos.Tests.Data", "tests\Chronos.Tests.Data\Chronos.Tests.Data.csproj", "{24E07964-EE27-47D7-AEEF-CD11207FE12E}"
EndProject
Project("{FAE04EC0-301F-11D3-BF4B-00C04F79EFBC}") = "Chronos.Tests.Shared", "tests\Chronos.Tests.Shared\Chronos.Tests.Shared.csproj", "{FD8C8982-2659-4E40-A9EC-053B07D98F0C}"
EndProject
Project("{FAE04EC0-301F-11D3-BF4B-00C04F79EFBC}") = "Chronos.Tests.MainApi", "tests\Chronos.Tests.MainApi\Chronos.Tests.MainApi.csproj", "{9CE1C7EC-8E5D-4358-8468-F924B598C285}"
EndProject
Global
	GlobalSection(SolutionConfigurationPlatforms) = preSolution
		Debug|Any CPU = Debug|Any CPU
		Release|Any CPU = Release|Any CPU
	EndGlobalSection
	GlobalSection(ProjectConfigurationPlatforms) = postSolution
		{8BDC82E9-FBDA-4F98-B8D1-6353B5CE5E6D}.Debug|Any CPU.ActiveCfg = Debug|Any CPU
		{8BDC82E9-FBDA-4F98-B8D1-6353B5CE5E6D}.Debug|Any CPU.Build.0 = Debug|Any CPU
		{8BDC82E9-FBDA-4F98-B8D1-6353B5CE5E6D}.Release|Any CPU.ActiveCfg = Release|Any CPU
		{8BDC82E9-FBDA-4F98-B8D1-6353B5CE5E6D}.Release|Any CPU.Build.0 = Release|Any CPU
		{8BDD2C28-CA49-45D3-950E-D0458B026FF4}.Debug|Any CPU.ActiveCfg = Debug|Any CPU
		{8BDD2C28-CA49-45D3-950E-D0458B026FF4}.Debug|Any CPU.Build.0 = Debug|Any CPU
		{8BDD2C28-CA49-45D3-950E-D0458B026FF4}.Release|Any CPU.ActiveCfg = Release|Any CPU
		{8BDD2C28-CA49-45D3-950E-D0458B026FF4}.Release|Any CPU.Build.0 = Release|Any CPU
		{5642CB10-035A-4016-A081-99B0C6B8690A}.Debug|Any CPU.ActiveCfg = Debug|Any CPU
		{5642CB10-035A-4016-A081-99B0C6B8690A}.Debug|Any CPU.Build.0 = Debug|Any CPU
		{5642CB10-035A-4016-A081-99B0C6B8690A}.Release|Any CPU.ActiveCfg = Release|Any CPU
		{5642CB10-035A-4016-A081-99B0C6B8690A}.Release|Any CPU.Build.0 = Release|Any CPU
		{C05995D4-6C58-475B-B082-5FE96115DA36}.Debug|Any CPU.ActiveCfg = Debug|Any CPU
		{C05995D4-6C58-475B-B082-5FE96115DA36}.Debug|Any CPU.Build.0 = Debug|Any CPU
		{C05995D4-6C58-475B-B082-5FE96115DA36}.Release|Any CPU.ActiveCfg = Release|Any CPU
		{C05995D4-6C58-475B-B082-5FE96115DA36}.Release|Any CPU.Build.0 = Release|Any CPU
		{24E07964-EE27-47D7-AEEF-CD11207FE12E}.Debug|Any CPU.ActiveCfg = Debug|Any CPU
		{24E07964-EE27-47D7-AEEF-CD11207FE12E}.Debug|Any CPU.Build.0 = Debug|Any CPU
		{24E07964-EE27-47D7-AEEF-CD11207FE12E}.Release|Any CPU.ActiveCfg = Release|Any CPU
		{24E07964-EE27-47D7-AEEF-CD11207FE12E}.Release|Any CPU.Build.0 = Release|Any CPU
		{FD8C8982-2659-4E40-A9EC-053B07D98F0C}.Debug|Any CPU.ActiveCfg = Debug|Any CPU
		{FD8C8982-2659-4E40-A9EC-053B07D98F0C}.Debug|Any CPU.Build.0 = Debug|Any CPU
		{FD8C8982-2659-4E40-A9EC-053B07D98F0C}.Release|Any CPU.ActiveCfg = Release|Any CPU
		{FD8C8982-2659-4E40-A9EC-053B07D98F0C}.Release|Any CPU.Build.0 = Release|Any CPU
		{9CE1C7EC-8E5D-4358-8468-F924B598C285}.Debug|Any CPU.ActiveCfg = Debug|Any CPU
		{9CE1C7EC-8E5D-4358-8468-F924B598C285}.Debug|Any CPU.Build.0 = Debug|Any CPU
		{9CE1C7EC-8E5D-4358-8468-F924B598C285}.Release|Any CPU.ActiveCfg = Release|Any CPU
		{9CE1C7EC-8E5D-4358-8468-F924B598C285}.Release|Any CPU.Build.0 = Release|Any CPU
	EndGlobalSection
	GlobalSection(NestedProjects) = preSolution
		{24E07964-EE27-47D7-AEEF-CD11207FE12E} = {DCD97785-8792-4C06-9682-6103328E4D7D}
		{FD8C8982-2659-4E40-A9EC-053B07D98F0C} = {DCD97785-8792-4C06-9682-6103328E4D7D}
		{9CE1C7EC-8E5D-4358-8468-F924B598C285} = {DCD97785-8792-4C06-9682-6103328E4D7D}
	EndGlobalSection
EndGlobal
